
Microsoft Visual Studio Solution File, Format Version 12.00
# Visual Studio 15
VisualStudioVersion = 15.0.26430.14
MinimumVisualStudioVersion = 10.0.40219.1
Project("{FAE04EC0-301F-11D3-BF4B-00C04F79EFBC}") = "DroneLander.Android", "DroneLander\DroneLander.Android\DroneLander.Android.csproj", "{D6A78DCC-B933-419B-BB04-3D5C8BD7DB8A}"
EndProject
Project("{FAE04EC0-301F-11D3-BF4B-00C04F79EFBC}") = "DroneLander", "DroneLander\DroneLander\DroneLander.csproj", "{7D6C965D-00FC-4A38-9738-7C1977090E5B}"
EndProject
Project("{FAE04EC0-301F-11D3-BF4B-00C04F79EFBC}") = "DroneLander.iOS", "DroneLander\DroneLander.iOS\DroneLander.iOS.csproj", "{DF98142F-876D-4DB4-B040-A85FE11270ED}"
EndProject
Project("{FAE04EC0-301F-11D3-BF4B-00C04F79EFBC}") = "DroneLander.UWP", "DroneLander\DroneLander.UWP\DroneLander.UWP.csproj", "{5540B3AA-6880-4D91-B461-697E8A460605}"
EndProject
Global
	GlobalSection(SolutionConfigurationPlatforms) = preSolution
		Ad-Hoc|Any CPU = Ad-Hoc|Any CPU
		Ad-Hoc|ARM = Ad-Hoc|ARM
		Ad-Hoc|iPhone = Ad-Hoc|iPhone
		Ad-Hoc|iPhoneSimulator = Ad-Hoc|iPhoneSimulator
		Ad-Hoc|x64 = Ad-Hoc|x64
		Ad-Hoc|x86 = Ad-Hoc|x86
		AppStore|Any CPU = AppStore|Any CPU
		AppStore|ARM = AppStore|ARM
		AppStore|iPhone = AppStore|iPhone
		AppStore|iPhoneSimulator = AppStore|iPhoneSimulator
		AppStore|x64 = AppStore|x64
		AppStore|x86 = AppStore|x86
		Debug|Any CPU = Debug|Any CPU
		Debug|ARM = Debug|ARM
		Debug|iPhone = Debug|iPhone
		Debug|iPhoneSimulator = Debug|iPhoneSimulator
		Debug|x64 = Debug|x64
		Debug|x86 = Debug|x86
		Release|Any CPU = Release|Any CPU
		Release|ARM = Release|ARM
		Release|iPhone = Release|iPhone
		Release|iPhoneSimulator = Release|iPhoneSimulator
		Release|x64 = Release|x64
		Release|x86 = Release|x86
	EndGlobalSection
	GlobalSection(ProjectConfigurationPlatforms) = postSolution
		{D6A78DCC-B933-419B-BB04-3D5C8BD7DB8A}.Ad-Hoc|Any CPU.ActiveCfg = Release|Any CPU
		{D6A78DCC-B933-419B-BB04-3D5C8BD7DB8A}.Ad-Hoc|Any CPU.Build.0 = Release|Any CPU
		{D6A78DCC-B933-419B-BB04-3D5C8BD7DB8A}.Ad-Hoc|Any CPU.Deploy.0 = Release|Any CPU
		{D6A78DCC-B933-419B-BB04-3D5C8BD7DB8A}.Ad-Hoc|ARM.ActiveCfg = Release|Any CPU
		{D6A78DCC-B933-419B-BB04-3D5C8BD7DB8A}.Ad-Hoc|ARM.Build.0 = Release|Any CPU
		{D6A78DCC-B933-419B-BB04-3D5C8BD7DB8A}.Ad-Hoc|ARM.Deploy.0 = Release|Any CPU
		{D6A78DCC-B933-419B-BB04-3D5C8BD7DB8A}.Ad-Hoc|iPhone.ActiveCfg = Release|Any CPU
		{D6A78DCC-B933-419B-BB04-3D5C8BD7DB8A}.Ad-Hoc|iPhone.Build.0 = Release|Any CPU
		{D6A78DCC-B933-419B-BB04-3D5C8BD7DB8A}.Ad-Hoc|iPhone.Deploy.0 = Release|Any CPU
		{D6A78DCC-B933-419B-BB04-3D5C8BD7DB8A}.Ad-Hoc|iPhoneSimulator.ActiveCfg = Release|Any CPU
		{D6A78DCC-B933-419B-BB04-3D5C8BD7DB8A}.Ad-Hoc|iPhoneSimulator.Build.0 = Release|Any CPU
		{D6A78DCC-B933-419B-BB04-3D5C8BD7DB8A}.Ad-Hoc|iPhoneSimulator.Deploy.0 = Release|Any CPU
		{D6A78DCC-B933-419B-BB04-3D5C8BD7DB8A}.Ad-Hoc|x64.ActiveCfg = Release|Any CPU
		{D6A78DCC-B933-419B-BB04-3D5C8BD7DB8A}.Ad-Hoc|x64.Build.0 = Release|Any CPU
		{D6A78DCC-B933-419B-BB04-3D5C8BD7DB8A}.Ad-Hoc|x64.Deploy.0 = Release|Any CPU
		{D6A78DCC-B933-419B-BB04-3D5C8BD7DB8A}.Ad-Hoc|x86.ActiveCfg = Release|Any CPU
		{D6A78DCC-B933-419B-BB04-3D5C8BD7DB8A}.Ad-Hoc|x86.Build.0 = Release|Any CPU
		{D6A78DCC-B933-419B-BB04-3D5C8BD7DB8A}.Ad-Hoc|x86.Deploy.0 = Release|Any CPU
		{D6A78DCC-B933-419B-BB04-3D5C8BD7DB8A}.AppStore|Any CPU.ActiveCfg = Release|Any CPU
		{D6A78DCC-B933-419B-BB04-3D5C8BD7DB8A}.AppStore|Any CPU.Build.0 = Release|Any CPU
		{D6A78DCC-B933-419B-BB04-3D5C8BD7DB8A}.AppStore|Any CPU.Deploy.0 = Release|Any CPU
		{D6A78DCC-B933-419B-BB04-3D5C8BD7DB8A}.AppStore|ARM.ActiveCfg = Release|Any CPU
		{D6A78DCC-B933-419B-BB04-3D5C8BD7DB8A}.AppStore|ARM.Build.0 = Release|Any CPU
		{D6A78DCC-B933-419B-BB04-3D5C8BD7DB8A}.AppStore|ARM.Deploy.0 = Release|Any CPU
		{D6A78DCC-B933-419B-BB04-3D5C8BD7DB8A}.AppStore|iPhone.ActiveCfg = Release|Any CPU
		{D6A78DCC-B933-419B-BB04-3D5C8BD7DB8A}.AppStore|iPhone.Build.0 = Release|Any CPU
		{D6A78DCC-B933-419B-BB04-3D5C8BD7DB8A}.AppStore|iPhone.Deploy.0 = Release|Any CPU
		{D6A78DCC-B933-419B-BB04-3D5C8BD7DB8A}.AppStore|iPhoneSimulator.ActiveCfg = Release|Any CPU
		{D6A78DCC-B933-419B-BB04-3D5C8BD7DB8A}.AppStore|iPhoneSimulator.Build.0 = Release|Any CPU
		{D6A78DCC-B933-419B-BB04-3D5C8BD7DB8A}.AppStore|iPhoneSimulator.Deploy.0 = Release|Any CPU
		{D6A78DCC-B933-419B-BB04-3D5C8BD7DB8A}.AppStore|x64.ActiveCfg = Release|Any CPU
		{D6A78DCC-B933-419B-BB04-3D5C8BD7DB8A}.AppStore|x64.Build.0 = Release|Any CPU
		{D6A78DCC-B933-419B-BB04-3D5C8BD7DB8A}.AppStore|x64.Deploy.0 = Release|Any CPU
		{D6A78DCC-B933-419B-BB04-3D5C8BD7DB8A}.AppStore|x86.ActiveCfg = Release|Any CPU
		{D6A78DCC-B933-419B-BB04-3D5C8BD7DB8A}.AppStore|x86.Build.0 = Release|Any CPU
		{D6A78DCC-B933-419B-BB04-3D5C8BD7DB8A}.AppStore|x86.Deploy.0 = Release|Any CPU
		{D6A78DCC-B933-419B-BB04-3D5C8BD7DB8A}.Debug|Any CPU.ActiveCfg = Debug|Any CPU
		{D6A78DCC-B933-419B-BB04-3D5C8BD7DB8A}.Debug|Any CPU.Build.0 = Debug|Any CPU
		{D6A78DCC-B933-419B-BB04-3D5C8BD7DB8A}.Debug|Any CPU.Deploy.0 = Debug|Any CPU
		{D6A78DCC-B933-419B-BB04-3D5C8BD7DB8A}.Debug|ARM.ActiveCfg = Debug|Any CPU
		{D6A78DCC-B933-419B-BB04-3D5C8BD7DB8A}.Debug|ARM.Build.0 = Debug|Any CPU
		{D6A78DCC-B933-419B-BB04-3D5C8BD7DB8A}.Debug|ARM.Deploy.0 = Debug|Any CPU
		{D6A78DCC-B933-419B-BB04-3D5C8BD7DB8A}.Debug|iPhone.ActiveCfg = Debug|Any CPU
		{D6A78DCC-B933-419B-BB04-3D5C8BD7DB8A}.Debug|iPhone.Build.0 = Debug|Any CPU
		{D6A78DCC-B933-419B-BB04-3D5C8BD7DB8A}.Debug|iPhone.Deploy.0 = Debug|Any CPU
		{D6A78DCC-B933-419B-BB04-3D5C8BD7DB8A}.Debug|iPhoneSimulator.ActiveCfg = Debug|Any CPU
		{D6A78DCC-B933-419B-BB04-3D5C8BD7DB8A}.Debug|iPhoneSimulator.Build.0 = Debug|Any CPU
		{D6A78DCC-B933-419B-BB04-3D5C8BD7DB8A}.Debug|iPhoneSimulator.Deploy.0 = Debug|Any CPU
		{D6A78DCC-B933-419B-BB04-3D5C8BD7DB8A}.Debug|x64.ActiveCfg = Debug|Any CPU
		{D6A78DCC-B933-419B-BB04-3D5C8BD7DB8A}.Debug|x64.Build.0 = Debug|Any CPU
		{D6A78DCC-B933-419B-BB04-3D5C8BD7DB8A}.Debug|x64.Deploy.0 = Debug|Any CPU
		{D6A78DCC-B933-419B-BB04-3D5C8BD7DB8A}.Debug|x86.ActiveCfg = Debug|Any CPU
		{D6A78DCC-B933-419B-BB04-3D5C8BD7DB8A}.Debug|x86.Build.0 = Debug|Any CPU
		{D6A78DCC-B933-419B-BB04-3D5C8BD7DB8A}.Debug|x86.Deploy.0 = Debug|Any CPU
		{D6A78DCC-B933-419B-BB04-3D5C8BD7DB8A}.Release|Any CPU.ActiveCfg = Release|Any CPU
		{D6A78DCC-B933-419B-BB04-3D5C8BD7DB8A}.Release|Any CPU.Build.0 = Release|Any CPU
		{D6A78DCC-B933-419B-BB04-3D5C8BD7DB8A}.Release|Any CPU.Deploy.0 = Release|Any CPU
		{D6A78DCC-B933-419B-BB04-3D5C8BD7DB8A}.Release|ARM.ActiveCfg = Release|Any CPU
		{D6A78DCC-B933-419B-BB04-3D5C8BD7DB8A}.Release|ARM.Build.0 = Release|Any CPU
		{D6A78DCC-B933-419B-BB04-3D5C8BD7DB8A}.Release|ARM.Deploy.0 = Release|Any CPU
		{D6A78DCC-B933-419B-BB04-3D5C8BD7DB8A}.Release|iPhone.ActiveCfg = Release|Any CPU
		{D6A78DCC-B933-419B-BB04-3D5C8BD7DB8A}.Release|iPhone.Build.0 = Release|Any CPU
		{D6A78DCC-B933-419B-BB04-3D5C8BD7DB8A}.Release|iPhone.Deploy.0 = Release|Any CPU
		{D6A78DCC-B933-419B-BB04-3D5C8BD7DB8A}.Release|iPhoneSimulator.ActiveCfg = Release|Any CPU
		{D6A78DCC-B933-419B-BB04-3D5C8BD7DB8A}.Release|iPhoneSimulator.Build.0 = Release|Any CPU
		{D6A78DCC-B933-419B-BB04-3D5C8BD7DB8A}.Release|iPhoneSimulator.Deploy.0 = Release|Any CPU
		{D6A78DCC-B933-419B-BB04-3D5C8BD7DB8A}.Release|x64.ActiveCfg = Release|Any CPU
		{D6A78DCC-B933-419B-BB04-3D5C8BD7DB8A}.Release|x64.Build.0 = Release|Any CPU
		{D6A78DCC-B933-419B-BB04-3D5C8BD7DB8A}.Release|x64.Deploy.0 = Release|Any CPU
		{D6A78DCC-B933-419B-BB04-3D5C8BD7DB8A}.Release|x86.ActiveCfg = Release|Any CPU
		{D6A78DCC-B933-419B-BB04-3D5C8BD7DB8A}.Release|x86.Build.0 = Release|Any CPU
		{D6A78DCC-B933-419B-BB04-3D5C8BD7DB8A}.Release|x86.Deploy.0 = Release|Any CPU
		{7D6C965D-00FC-4A38-9738-7C1977090E5B}.Ad-Hoc|Any CPU.ActiveCfg = Release|Any CPU
		{7D6C965D-00FC-4A38-9738-7C1977090E5B}.Ad-Hoc|Any CPU.Build.0 = Release|Any CPU
		{7D6C965D-00FC-4A38-9738-7C1977090E5B}.Ad-Hoc|ARM.ActiveCfg = Release|Any CPU
		{7D6C965D-00FC-4A38-9738-7C1977090E5B}.Ad-Hoc|ARM.Build.0 = Release|Any CPU
		{7D6C965D-00FC-4A38-9738-7C1977090E5B}.Ad-Hoc|iPhone.ActiveCfg = Release|Any CPU
		{7D6C965D-00FC-4A38-9738-7C1977090E5B}.Ad-Hoc|iPhone.Build.0 = Release|Any CPU
		{7D6C965D-00FC-4A38-9738-7C1977090E5B}.Ad-Hoc|iPhoneSimulator.ActiveCfg = Release|Any CPU
		{7D6C965D-00FC-4A38-9738-7C1977090E5B}.Ad-Hoc|iPhoneSimulator.Build.0 = Release|Any CPU
		{7D6C965D-00FC-4A38-9738-7C1977090E5B}.Ad-Hoc|x64.ActiveCfg = Release|Any CPU
		{7D6C965D-00FC-4A38-9738-7C1977090E5B}.Ad-Hoc|x64.Build.0 = Release|Any CPU
		{7D6C965D-00FC-4A38-9738-7C1977090E5B}.Ad-Hoc|x86.ActiveCfg = Release|Any CPU
		{7D6C965D-00FC-4A38-9738-7C1977090E5B}.Ad-Hoc|x86.Build.0 = Release|Any CPU
		{7D6C965D-00FC-4A38-9738-7C1977090E5B}.AppStore|Any CPU.ActiveCfg = Release|Any CPU
		{7D6C965D-00FC-4A38-9738-7C1977090E5B}.AppStore|Any CPU.Build.0 = Release|Any CPU
		{7D6C965D-00FC-4A38-9738-7C1977090E5B}.AppStore|ARM.ActiveCfg = Release|Any CPU
		{7D6C965D-00FC-4A38-9738-7C1977090E5B}.AppStore|ARM.Build.0 = Release|Any CPU
		{7D6C965D-00FC-4A38-9738-7C1977090E5B}.AppStore|iPhone.ActiveCfg = Release|Any CPU
		{7D6C965D-00FC-4A38-9738-7C1977090E5B}.AppStore|iPhone.Build.0 = Release|Any CPU
		{7D6C965D-00FC-4A38-9738-7C1977090E5B}.AppStore|iPhoneSimulator.ActiveCfg = Release|Any CPU
		{7D6C965D-00FC-4A38-9738-7C1977090E5B}.AppStore|iPhoneSimulator.Build.0 = Release|Any CPU
		{7D6C965D-00FC-4A38-9738-7C1977090E5B}.AppStore|x64.ActiveCfg = Release|Any CPU
		{7D6C965D-00FC-4A38-9738-7C1977090E5B}.AppStore|x64.Build.0 = Release|Any CPU
		{7D6C965D-00FC-4A38-9738-7C1977090E5B}.AppStore|x86.ActiveCfg = Release|Any CPU
		{7D6C965D-00FC-4A38-9738-7C1977090E5B}.AppStore|x86.Build.0 = Release|Any CPU
		{7D6C965D-00FC-4A38-9738-7C1977090E5B}.Debug|Any CPU.ActiveCfg = Debug|Any CPU
		{7D6C965D-00FC-4A38-9738-7C1977090E5B}.Debug|Any CPU.Build.0 = Debug|Any CPU
		{7D6C965D-00FC-4A38-9738-7C1977090E5B}.Debug|ARM.ActiveCfg = Debug|Any CPU
		{7D6C965D-00FC-4A38-9738-7C1977090E5B}.Debug|ARM.Build.0 = Debug|Any CPU
		{7D6C965D-00FC-4A38-9738-7C1977090E5B}.Debug|iPhone.ActiveCfg = Debug|Any CPU
		{7D6C965D-00FC-4A38-9738-7C1977090E5B}.Debug|iPhone.Build.0 = Debug|Any CPU
		{7D6C965D-00FC-4A38-9738-7C1977090E5B}.Debug|iPhoneSimulator.ActiveCfg = Debug|Any CPU
		{7D6C965D-00FC-4A38-9738-7C1977090E5B}.Debug|iPhoneSimulator.Build.0 = Debug|Any CPU
		{7D6C965D-00FC-4A38-9738-7C1977090E5B}.Debug|x64.ActiveCfg = Debug|Any CPU
		{7D6C965D-00FC-4A38-9738-7C1977090E5B}.Debug|x64.Build.0 = Debug|Any CPU
		{7D6C965D-00FC-4A38-9738-7C1977090E5B}.Debug|x86.ActiveCfg = Debug|Any CPU
		{7D6C965D-00FC-4A38-9738-7C1977090E5B}.Debug|x86.Build.0 = Debug|Any CPU
		{7D6C965D-00FC-4A38-9738-7C1977090E5B}.Release|Any CPU.ActiveCfg = Release|Any CPU
		{7D6C965D-00FC-4A38-9738-7C1977090E5B}.Release|Any CPU.Build.0 = Release|Any CPU
		{7D6C965D-00FC-4A38-9738-7C1977090E5B}.Release|ARM.ActiveCfg = Release|Any CPU
		{7D6C965D-00FC-4A38-9738-7C1977090E5B}.Release|ARM.Build.0 = Release|Any CPU
		{7D6C965D-00FC-4A38-9738-7C1977090E5B}.Release|iPhone.ActiveCfg = Release|Any CPU
		{7D6C965D-00FC-4A38-9738-7C1977090E5B}.Release|iPhone.Build.0 = Release|Any CPU
		{7D6C965D-00FC-4A38-9738-7C1977090E5B}.Release|iPhoneSimulator.ActiveCfg = Release|Any CPU
		{7D6C965D-00FC-4A38-9738-7C1977090E5B}.Release|iPhoneSimulator.Build.0 = Release|Any CPU
		{7D6C965D-00FC-4A38-9738-7C1977090E5B}.Release|x64.ActiveCfg = Release|Any CPU
		{7D6C965D-00FC-4A38-9738-7C1977090E5B}.Release|x64.Build.0 = Release|Any CPU
		{7D6C965D-00FC-4A38-9738-7C1977090E5B}.Release|x86.ActiveCfg = Release|Any CPU
		{7D6C965D-00FC-4A38-9738-7C1977090E5B}.Release|x86.Build.0 = Release|Any CPU
		{DF98142F-876D-4DB4-B040-A85FE11270ED}.Ad-Hoc|Any CPU.ActiveCfg = Ad-Hoc|iPhone
		{DF98142F-876D-4DB4-B040-A85FE11270ED}.Ad-Hoc|ARM.ActiveCfg = Ad-Hoc|iPhone
		{DF98142F-876D-4DB4-B040-A85FE11270ED}.Ad-Hoc|iPhone.ActiveCfg = Ad-Hoc|iPhone
		{DF98142F-876D-4DB4-B040-A85FE11270ED}.Ad-Hoc|iPhone.Build.0 = Ad-Hoc|iPhone
		{DF98142F-876D-4DB4-B040-A85FE11270ED}.Ad-Hoc|iPhoneSimulator.ActiveCfg = Ad-Hoc|iPhoneSimulator
		{DF98142F-876D-4DB4-B040-A85FE11270ED}.Ad-Hoc|iPhoneSimulator.Build.0 = Ad-Hoc|iPhoneSimulator
		{DF98142F-876D-4DB4-B040-A85FE11270ED}.Ad-Hoc|x64.ActiveCfg = Ad-Hoc|iPhone
		{DF98142F-876D-4DB4-B040-A85FE11270ED}.Ad-Hoc|x86.ActiveCfg = Ad-Hoc|iPhone
		{DF98142F-876D-4DB4-B040-A85FE11270ED}.AppStore|Any CPU.ActiveCfg = AppStore|iPhone
		{DF98142F-876D-4DB4-B040-A85FE11270ED}.AppStore|ARM.ActiveCfg = AppStore|iPhone
		{DF98142F-876D-4DB4-B040-A85FE11270ED}.AppStore|iPhone.ActiveCfg = AppStore|iPhone
		{DF98142F-876D-4DB4-B040-A85FE11270ED}.AppStore|iPhone.Build.0 = AppStore|iPhone
		{DF98142F-876D-4DB4-B040-A85FE11270ED}.AppStore|iPhoneSimulator.ActiveCfg = AppStore|iPhoneSimulator
		{DF98142F-876D-4DB4-B040-A85FE11270ED}.AppStore|iPhoneSimulator.Build.0 = AppStore|iPhoneSimulator
		{DF98142F-876D-4DB4-B040-A85FE11270ED}.AppStore|x64.ActiveCfg = AppStore|iPhone
		{DF98142F-876D-4DB4-B040-A85FE11270ED}.AppStore|x86.ActiveCfg = AppStore|iPhone
		{DF98142F-876D-4DB4-B040-A85FE11270ED}.Debug|Any CPU.ActiveCfg = Debug|iPhone
		{DF98142F-876D-4DB4-B040-A85FE11270ED}.Debug|ARM.ActiveCfg = Debug|iPhone
		{DF98142F-876D-4DB4-B040-A85FE11270ED}.Debug|iPhone.ActiveCfg = Debug|iPhone
		{DF98142F-876D-4DB4-B040-A85FE11270ED}.Debug|iPhone.Build.0 = Debug|iPhone
		{DF98142F-876D-4DB4-B040-A85FE11270ED}.Debug|iPhoneSimulator.ActiveCfg = Debug|iPhoneSimulator
		{DF98142F-876D-4DB4-B040-A85FE11270ED}.Debug|iPhoneSimulator.Build.0 = Debug|iPhoneSimulator
		{DF98142F-876D-4DB4-B040-A85FE11270ED}.Debug|x64.ActiveCfg = Debug|iPhone
		{DF98142F-876D-4DB4-B040-A85FE11270ED}.Debug|x86.ActiveCfg = Debug|iPhone
		{DF98142F-876D-4DB4-B040-A85FE11270ED}.Release|Any CPU.ActiveCfg = Release|iPhone
		{DF98142F-876D-4DB4-B040-A85FE11270ED}.Release|ARM.ActiveCfg = Release|iPhone
		{DF98142F-876D-4DB4-B040-A85FE11270ED}.Release|iPhone.ActiveCfg = Release|iPhone
		{DF98142F-876D-4DB4-B040-A85FE11270ED}.Release|iPhone.Build.0 = Release|iPhone
		{DF98142F-876D-4DB4-B040-A85FE11270ED}.Release|iPhoneSimulator.ActiveCfg = Release|iPhoneSimulator
		{DF98142F-876D-4DB4-B040-A85FE11270ED}.Release|iPhoneSimulator.Build.0 = Release|iPhoneSimulator
		{DF98142F-876D-4DB4-B040-A85FE11270ED}.Release|x64.ActiveCfg = Release|iPhone
		{DF98142F-876D-4DB4-B040-A85FE11270ED}.Release|x86.ActiveCfg = Release|iPhone
		{5540B3AA-6880-4D91-B461-697E8A460605}.Ad-Hoc|Any CPU.ActiveCfg = Release|x86
		{5540B3AA-6880-4D91-B461-697E8A460605}.Ad-Hoc|Any CPU.Build.0 = Release|x86
		{5540B3AA-6880-4D91-B461-697E8A460605}.Ad-Hoc|Any CPU.Deploy.0 = Release|x86
		{5540B3AA-6880-4D91-B461-697E8A460605}.Ad-Hoc|ARM.ActiveCfg = Release|ARM
		{5540B3AA-6880-4D91-B461-697E8A460605}.Ad-Hoc|ARM.Build.0 = Release|ARM
		{5540B3AA-6880-4D91-B461-697E8A460605}.Ad-Hoc|ARM.Deploy.0 = Release|ARM
		{5540B3AA-6880-4D91-B461-697E8A460605}.Ad-Hoc|iPhone.ActiveCfg = Release|x86
		{5540B3AA-6880-4D91-B461-697E8A460605}.Ad-Hoc|iPhone.Build.0 = Release|x86
		{5540B3AA-6880-4D91-B461-697E8A460605}.Ad-Hoc|iPhone.Deploy.0 = Release|x86
		{5540B3AA-6880-4D91-B461-697E8A460605}.Ad-Hoc|iPhoneSimulator.ActiveCfg = Release|x86
		{5540B3AA-6880-4D91-B461-697E8A460605}.Ad-Hoc|iPhoneSimulator.Build.0 = Release|x86
		{5540B3AA-6880-4D91-B461-697E8A460605}.Ad-Hoc|iPhoneSimulator.Deploy.0 = Release|x86
		{5540B3AA-6880-4D91-B461-697E8A460605}.Ad-Hoc|x64.ActiveCfg = Release|x64
		{5540B3AA-6880-4D91-B461-697E8A460605}.Ad-Hoc|x64.Build.0 = Release|x64
		{5540B3AA-6880-4D91-B461-697E8A460605}.Ad-Hoc|x64.Deploy.0 = Release|x64
		{5540B3AA-6880-4D91-B461-697E8A460605}.Ad-Hoc|x86.ActiveCfg = Release|x86
		{5540B3AA-6880-4D91-B461-697E8A460605}.Ad-Hoc|x86.Build.0 = Release|x86
		{5540B3AA-6880-4D91-B461-697E8A460605}.Ad-Hoc|x86.Deploy.0 = Release|x86
		{5540B3AA-6880-4D91-B461-697E8A460605}.AppStore|Any CPU.ActiveCfg = Release|x86
		{5540B3AA-6880-4D91-B461-697E8A460605}.AppStore|Any CPU.Build.0 = Release|x86
		{5540B3AA-6880-4D91-B461-697E8A460605}.AppStore|Any CPU.Deploy.0 = Release|x86
		{5540B3AA-6880-4D91-B461-697E8A460605}.AppStore|ARM.ActiveCfg = Release|ARM
		{5540B3AA-6880-4D91-B461-697E8A460605}.AppStore|ARM.Build.0 = Release|ARM
		{5540B3AA-6880-4D91-B461-697E8A460605}.AppStore|ARM.Deploy.0 = Release|ARM
		{5540B3AA-6880-4D91-B461-697E8A460605}.AppStore|iPhone.ActiveCfg = Release|x86
		{5540B3AA-6880-4D91-B461-697E8A460605}.AppStore|iPhone.Build.0 = Release|x86
		{5540B3AA-6880-4D91-B461-697E8A460605}.AppStore|iPhone.Deploy.0 = Release|x86
		{5540B3AA-6880-4D91-B461-697E8A460605}.AppStore|iPhoneSimulator.ActiveCfg = Release|x86
		{5540B3AA-6880-4D91-B461-697E8A460605}.AppStore|iPhoneSimulator.Build.0 = Release|x86
		{5540B3AA-6880-4D91-B461-697E8A460605}.AppStore|iPhoneSimulator.Deploy.0 = Release|x86
		{5540B3AA-6880-4D91-B461-697E8A460605}.AppStore|x64.ActiveCfg = Release|x64
		{5540B3AA-6880-4D91-B461-697E8A460605}.AppStore|x64.Build.0 = Release|x64
		{5540B3AA-6880-4D91-B461-697E8A460605}.AppStore|x64.Deploy.0 = Release|x64
		{5540B3AA-6880-4D91-B461-697E8A460605}.AppStore|x86.ActiveCfg = Release|x86
		{5540B3AA-6880-4D91-B461-697E8A460605}.AppStore|x86.Build.0 = Release|x86
		{5540B3AA-6880-4D91-B461-697E8A460605}.AppStore|x86.Deploy.0 = Release|x86
		{5540B3AA-6880-4D91-B461-697E8A460605}.Debug|Any CPU.ActiveCfg = Debug|x86
		{5540B3AA-6880-4D91-B461-697E8A460605}.Debug|ARM.ActiveCfg = Debug|ARM
		{5540B3AA-6880-4D91-B461-697E8A460605}.Debug|ARM.Build.0 = Debug|ARM
		{5540B3AA-6880-4D91-B461-697E8A460605}.Debug|ARM.Deploy.0 = Debug|ARM
		{5540B3AA-6880-4D91-B461-697E8A460605}.Debug|iPhone.ActiveCfg = Debug|x86
		{5540B3AA-6880-4D91-B461-697E8A460605}.Debug|iPhoneSimulator.ActiveCfg = Debug|x86
		{5540B3AA-6880-4D91-B461-697E8A460605}.Debug|x64.ActiveCfg = Debug|x64
		{5540B3AA-6880-4D91-B461-697E8A460605}.Debug|x64.Build.0 = Debug|x64
		{5540B3AA-6880-4D91-B461-697E8A460605}.Debug|x64.Deploy.0 = Debug|x64
		{5540B3AA-6880-4D91-B461-697E8A460605}.Debug|x86.ActiveCfg = Debug|x86
		{5540B3AA-6880-4D91-B461-697E8A460605}.Debug|x86.Build.0 = Debug|x86
		{5540B3AA-6880-4D91-B461-697E8A460605}.Debug|x86.Deploy.0 = Debug|x86
		{5540B3AA-6880-4D91-B461-697E8A460605}.Release|Any CPU.ActiveCfg = Release|x86
		{5540B3AA-6880-4D91-B461-697E8A460605}.Release|ARM.ActiveCfg = Release|ARM
		{5540B3AA-6880-4D91-B461-697E8A460605}.Release|ARM.Build.0 = Release|ARM
		{5540B3AA-6880-4D91-B461-697E8A460605}.Release|ARM.Deploy.0 = Release|ARM
		{5540B3AA-6880-4D91-B461-697E8A460605}.Release|iPhone.ActiveCfg = Release|x86
		{5540B3AA-6880-4D91-B461-697E8A460605}.Release|iPhoneSimulator.ActiveCfg = Release|x86
		{5540B3AA-6880-4D91-B461-697E8A460605}.Release|x64.ActiveCfg = Release|x64
		{5540B3AA-6880-4D91-B461-697E8A460605}.Release|x64.Build.0 = Release|x64
		{5540B3AA-6880-4D91-B461-697E8A460605}.Release|x64.Deploy.0 = Release|x64
		{5540B3AA-6880-4D91-B461-697E8A460605}.Release|x86.ActiveCfg = Release|x86
		{5540B3AA-6880-4D91-B461-697E8A460605}.Release|x86.Build.0 = Release|x86
		{5540B3AA-6880-4D91-B461-697E8A460605}.Release|x86.Deploy.0 = Release|x86
	EndGlobalSection
	GlobalSection(SolutionProperties) = preSolution
		HideSolutionNode = FALSE
	EndGlobalSection
EndGlobal
